
Microsoft Visual Studio Solution File, Format Version 12.00
# Visual Studio Version 17
VisualStudioVersion = 17.12.35707.178
MinimumVisualStudioVersion = 10.0.40219.1
Project("{FAE04EC0-301F-11D3-BF4B-00C04F79EFBC}") = "ECommerce.Infrastructure", "ECommerce.Infrastructure\ECommerce.Infrastructure.csproj", "{AD9B4F2C-B0D3-4F41-91F3-B13D584B1620}"
EndProject
Project("{FAE04EC0-301F-11D3-BF4B-00C04F79EFBC}") = "ECommerce.Authentication", "ECommerce.Authentication\ECommerce.Authentication.csproj", "{ED7E31D2-5333-4AA6-A48B-DEFB1DE0D505}"
EndProject
Project("{FAE04EC0-301F-11D3-BF4B-00C04F79EFBC}") = "Catalog.Public", "Catalog.Public\Catalog.Public.csproj", "{3DBD82DA-4DC1-430A-BD69-0FDF0DA0CA85}"
EndProject
Project("{FAE04EC0-301F-11D3-BF4B-00C04F79EFBC}") = "Catalog.Management", "Catalog.Management\Catalog.Management.csproj", "{937FFC83-74FA-4045-9031-53BCC2DCCFDB}"
EndProject
Project("{FAE04EC0-301F-11D3-BF4B-00C04F79EFBC}") = "Shopping.Customer", "Shopping.Customer\Shopping.Customer.csproj", "{5519D5E5-EB25-4AFE-BFDA-9C820D79AE36}"
EndProject
Project("{FAE04EC0-301F-11D3-BF4B-00C04F79EFBC}") = "Ordering.Customer", "Ordering.Customer\Ordering.Customer.csproj", "{D115C44A-B304-42DE-848C-CACB57197188}"
EndProject
Project("{FAE04EC0-301F-11D3-BF4B-00C04F79EFBC}") = "Ordering.Management", "Ordering.Management\Ordering.Management.csproj", "{60C244D9-1E0D-4853-AE79-DA9E705F3203}"
EndProject
Project("{FAE04EC0-301F-11D3-BF4B-00C04F79EFBC}") = "Store.API", "Store.API\Store.API.csproj", "{28A122FC-70D6-428A-8EF9-D91D7199827C}"
EndProject
Project("{FAE04EC0-301F-11D3-BF4B-00C04F79EFBC}") = "ECommerce.UnitTests", "ECommerce.UnitTests\ECommerce.UnitTests.csproj", "{FB838588-45D5-4172-918C-9D2427B4BBA2}"
EndProject
Project("{FAE04EC0-301F-11D3-BF4B-00C04F79EFBC}") = "Admin.Management", "Admin.Management\Admin.Management.csproj", "{5DE18F8F-D39D-4FE7-A94C-91E89EA03C90}"
EndProject
Project("{FAE04EC0-301F-11D3-BF4B-00C04F79EFBC}") = "Admin.Profile", "Admin.Profile\Admin.Profile.csproj", "{029B29F7-4620-4894-94FC-6723972E9F41}"
EndProject
Project("{FAE04EC0-301F-11D3-BF4B-00C04F79EFBC}") = "Customer.Management", "Customer.Management\Customer.Management.csproj", "{6C856CAB-20DD-47E9-827F-112C0F1B675E}"
EndProject
Project("{FAE04EC0-301F-11D3-BF4B-00C04F79EFBC}") = "Customer.Profile", "Customer.Profile\Customer.Profile.csproj", "{73BEE9DB-3A88-4D67-9DFB-90B3A0216350}"
EndProject
Project("{FAE04EC0-301F-11D3-BF4B-00C04F79EFBC}") = "Seller.Management", "Seller.Management\Seller.Management.csproj", "{D8B862CB-B5FA-40F3-9170-D02AC2E90A34}"
EndProject
Project("{FAE04EC0-301F-11D3-BF4B-00C04F79EFBC}") = "Seller.Profile", "Seller.Profile\Seller.Profile.csproj", "{7594DA8D-EBB9-40C7-B3FC-D2E3ED03681B}"
EndProject
Project("{FAE04EC0-301F-11D3-BF4B-00C04F79EFBC}") = "Driver.Management", "Driver.Management\Driver.Management.csproj", "{59DAE2F0-CF79-477D-B5C9-71C5D713D973}"
EndProject
Project("{FAE04EC0-301F-11D3-BF4B-00C04F79EFBC}") = "Driver.Profile", "Driver.Profile\Driver.Profile.csproj", "{8B792490-A63F-4FC7-8B08-F022F83FEE18}"
EndProject
Project("{FAE04EC0-301F-11D3-BF4B-00C04F79EFBC}") = "Roles.Management", "Roles.Management\Roles.Management.csproj", "{2F098D28-DBFF-4EE8-9E91-7EBF67384785}"
EndProject
Project("{FAE04EC0-301F-11D3-BF4B-00C04F79EFBC}") = "Notifications", "Notifications\Notifications.csproj", "{1C09DC8F-F854-43CB-AB1E-F826C82D4756}"
EndProject
Global
	GlobalSection(SolutionConfigurationPlatforms) = preSolution
		Debug|Any CPU = Debug|Any CPU
		Debug|x64 = Debug|x64
		Debug|x86 = Debug|x86
		Release|Any CPU = Release|Any CPU
		Release|x64 = Release|x64
		Release|x86 = Release|x86
	EndGlobalSection
	GlobalSection(ProjectConfigurationPlatforms) = postSolution
		{AD9B4F2C-B0D3-4F41-91F3-B13D584B1620}.Debug|Any CPU.ActiveCfg = Debug|Any CPU
		{AD9B4F2C-B0D3-4F41-91F3-B13D584B1620}.Debug|Any CPU.Build.0 = Debug|Any CPU
		{AD9B4F2C-B0D3-4F41-91F3-B13D584B1620}.Debug|x64.ActiveCfg = Debug|Any CPU
		{AD9B4F2C-B0D3-4F41-91F3-B13D584B1620}.Debug|x64.Build.0 = Debug|Any CPU
		{AD9B4F2C-B0D3-4F41-91F3-B13D584B1620}.Debug|x86.ActiveCfg = Debug|Any CPU
		{AD9B4F2C-B0D3-4F41-91F3-B13D584B1620}.Debug|x86.Build.0 = Debug|Any CPU
		{AD9B4F2C-B0D3-4F41-91F3-B13D584B1620}.Release|Any CPU.ActiveCfg = Release|Any CPU
		{AD9B4F2C-B0D3-4F41-91F3-B13D584B1620}.Release|Any CPU.Build.0 = Release|Any CPU
		{AD9B4F2C-B0D3-4F41-91F3-B13D584B1620}.Release|x64.ActiveCfg = Release|Any CPU
		{AD9B4F2C-B0D3-4F41-91F3-B13D584B1620}.Release|x64.Build.0 = Release|Any CPU
		{AD9B4F2C-B0D3-4F41-91F3-B13D584B1620}.Release|x86.ActiveCfg = Release|Any CPU
		{AD9B4F2C-B0D3-4F41-91F3-B13D584B1620}.Release|x86.Build.0 = Release|Any CPU
		{ED7E31D2-5333-4AA6-A48B-DEFB1DE0D505}.Debug|Any CPU.ActiveCfg = Debug|Any CPU
		{ED7E31D2-5333-4AA6-A48B-DEFB1DE0D505}.Debug|Any CPU.Build.0 = Debug|Any CPU
		{ED7E31D2-5333-4AA6-A48B-DEFB1DE0D505}.Debug|x64.ActiveCfg = Debug|Any CPU
		{ED7E31D2-5333-4AA6-A48B-DEFB1DE0D505}.Debug|x64.Build.0 = Debug|Any CPU
		{ED7E31D2-5333-4AA6-A48B-DEFB1DE0D505}.Debug|x86.ActiveCfg = Debug|Any CPU
		{ED7E31D2-5333-4AA6-A48B-DEFB1DE0D505}.Debug|x86.Build.0 = Debug|Any CPU
		{ED7E31D2-5333-4AA6-A48B-DEFB1DE0D505}.Release|Any CPU.ActiveCfg = Release|Any CPU
		{ED7E31D2-5333-4AA6-A48B-DEFB1DE0D505}.Release|Any CPU.Build.0 = Release|Any CPU
		{ED7E31D2-5333-4AA6-A48B-DEFB1DE0D505}.Release|x64.ActiveCfg = Release|Any CPU
		{ED7E31D2-5333-4AA6-A48B-DEFB1DE0D505}.Release|x64.Build.0 = Release|Any CPU
		{ED7E31D2-5333-4AA6-A48B-DEFB1DE0D505}.Release|x86.ActiveCfg = Release|Any CPU
		{ED7E31D2-5333-4AA6-A48B-DEFB1DE0D505}.Release|x86.Build.0 = Release|Any CPU
		{3DBD82DA-4DC1-430A-BD69-0FDF0DA0CA85}.Debug|Any CPU.ActiveCfg = Debug|Any CPU
		{3DBD82DA-4DC1-430A-BD69-0FDF0DA0CA85}.Debug|Any CPU.Build.0 = Debug|Any CPU
		{3DBD82DA-4DC1-430A-BD69-0FDF0DA0CA85}.Debug|x64.ActiveCfg = Debug|Any CPU
		{3DBD82DA-4DC1-430A-BD69-0FDF0DA0CA85}.Debug|x64.Build.0 = Debug|Any CPU
		{3DBD82DA-4DC1-430A-BD69-0FDF0DA0CA85}.Debug|x86.ActiveCfg = Debug|Any CPU
		{3DBD82DA-4DC1-430A-BD69-0FDF0DA0CA85}.Debug|x86.Build.0 = Debug|Any CPU
		{3DBD82DA-4DC1-430A-BD69-0FDF0DA0CA85}.Release|Any CPU.ActiveCfg = Release|Any CPU
		{3DBD82DA-4DC1-430A-BD69-0FDF0DA0CA85}.Release|Any CPU.Build.0 = Release|Any CPU
		{3DBD82DA-4DC1-430A-BD69-0FDF0DA0CA85}.Release|x64.ActiveCfg = Release|Any CPU
		{3DBD82DA-4DC1-430A-BD69-0FDF0DA0CA85}.Release|x64.Build.0 = Release|Any CPU
		{3DBD82DA-4DC1-430A-BD69-0FDF0DA0CA85}.Release|x86.ActiveCfg = Release|Any CPU
		{3DBD82DA-4DC1-430A-BD69-0FDF0DA0CA85}.Release|x86.Build.0 = Release|Any CPU
		{937FFC83-74FA-4045-9031-53BCC2DCCFDB}.Debug|Any CPU.ActiveCfg = Debug|Any CPU
		{937FFC83-74FA-4045-9031-53BCC2DCCFDB}.Debug|Any CPU.Build.0 = Debug|Any CPU
		{937FFC83-74FA-4045-9031-53BCC2DCCFDB}.Debug|x64.ActiveCfg = Debug|Any CPU
		{937FFC83-74FA-4045-9031-53BCC2DCCFDB}.Debug|x64.Build.0 = Debug|Any CPU
		{937FFC83-74FA-4045-9031-53BCC2DCCFDB}.Debug|x86.ActiveCfg = Debug|Any CPU
		{937FFC83-74FA-4045-9031-53BCC2DCCFDB}.Debug|x86.Build.0 = Debug|Any CPU
		{937FFC83-74FA-4045-9031-53BCC2DCCFDB}.Release|Any CPU.ActiveCfg = Release|Any CPU
		{937FFC83-74FA-4045-9031-53BCC2DCCFDB}.Release|Any CPU.Build.0 = Release|Any CPU
		{937FFC83-74FA-4045-9031-53BCC2DCCFDB}.Release|x64.ActiveCfg = Release|Any CPU
		{937FFC83-74FA-4045-9031-53BCC2DCCFDB}.Release|x64.Build.0 = Release|Any CPU
		{937FFC83-74FA-4045-9031-53BCC2DCCFDB}.Release|x86.ActiveCfg = Release|Any CPU
		{937FFC83-74FA-4045-9031-53BCC2DCCFDB}.Release|x86.Build.0 = Release|Any CPU
		{5519D5E5-EB25-4AFE-BFDA-9C820D79AE36}.Debug|Any CPU.ActiveCfg = Debug|Any CPU
		{5519D5E5-EB25-4AFE-BFDA-9C820D79AE36}.Debug|Any CPU.Build.0 = Debug|Any CPU
		{5519D5E5-EB25-4AFE-BFDA-9C820D79AE36}.Debug|x64.ActiveCfg = Debug|Any CPU
		{5519D5E5-EB25-4AFE-BFDA-9C820D79AE36}.Debug|x64.Build.0 = Debug|Any CPU
		{5519D5E5-EB25-4AFE-BFDA-9C820D79AE36}.Debug|x86.ActiveCfg = Debug|Any CPU
		{5519D5E5-EB25-4AFE-BFDA-9C820D79AE36}.Debug|x86.Build.0 = Debug|Any CPU
		{5519D5E5-EB25-4AFE-BFDA-9C820D79AE36}.Release|Any CPU.ActiveCfg = Release|Any CPU
		{5519D5E5-EB25-4AFE-BFDA-9C820D79AE36}.Release|Any CPU.Build.0 = Release|Any CPU
		{5519D5E5-EB25-4AFE-BFDA-9C820D79AE36}.Release|x64.ActiveCfg = Release|Any CPU
		{5519D5E5-EB25-4AFE-BFDA-9C820D79AE36}.Release|x64.Build.0 = Release|Any CPU
		{5519D5E5-EB25-4AFE-BFDA-9C820D79AE36}.Release|x86.ActiveCfg = Release|Any CPU
		{5519D5E5-EB25-4AFE-BFDA-9C820D79AE36}.Release|x86.Build.0 = Release|Any CPU
		{D115C44A-B304-42DE-848C-CACB57197188}.Debug|Any CPU.ActiveCfg = Debug|Any CPU
		{D115C44A-B304-42DE-848C-CACB57197188}.Debug|Any CPU.Build.0 = Debug|Any CPU
		{D115C44A-B304-42DE-848C-CACB57197188}.Debug|x64.ActiveCfg = Debug|Any CPU
		{D115C44A-B304-42DE-848C-CACB57197188}.Debug|x64.Build.0 = Debug|Any CPU
		{D115C44A-B304-42DE-848C-CACB57197188}.Debug|x86.ActiveCfg = Debug|Any CPU
		{D115C44A-B304-42DE-848C-CACB57197188}.Debug|x86.Build.0 = Debug|Any CPU
		{D115C44A-B304-42DE-848C-CACB57197188}.Release|Any CPU.ActiveCfg = Release|Any CPU
		{D115C44A-B304-42DE-848C-CACB57197188}.Release|Any CPU.Build.0 = Release|Any CPU
		{D115C44A-B304-42DE-848C-CACB57197188}.Release|x64.ActiveCfg = Release|Any CPU
		{D115C44A-B304-42DE-848C-CACB57197188}.Release|x64.Build.0 = Release|Any CPU
		{D115C44A-B304-42DE-848C-CACB57197188}.Release|x86.ActiveCfg = Release|Any CPU
		{D115C44A-B304-42DE-848C-CACB57197188}.Release|x86.Build.0 = Release|Any CPU
		{60C244D9-1E0D-4853-AE79-DA9E705F3203}.Debug|Any CPU.ActiveCfg = Debug|Any CPU
		{60C244D9-1E0D-4853-AE79-DA9E705F3203}.Debug|Any CPU.Build.0 = Debug|Any CPU
		{60C244D9-1E0D-4853-AE79-DA9E705F3203}.Debug|x64.ActiveCfg = Debug|Any CPU
		{60C244D9-1E0D-4853-AE79-DA9E705F3203}.Debug|x64.Build.0 = Debug|Any CPU
		{60C244D9-1E0D-4853-AE79-DA9E705F3203}.Debug|x86.ActiveCfg = Debug|Any CPU
		{60C244D9-1E0D-4853-AE79-DA9E705F3203}.Debug|x86.Build.0 = Debug|Any CPU
		{60C244D9-1E0D-4853-AE79-DA9E705F3203}.Release|Any CPU.ActiveCfg = Release|Any CPU
		{60C244D9-1E0D-4853-AE79-DA9E705F3203}.Release|Any CPU.Build.0 = Release|Any CPU
		{60C244D9-1E0D-4853-AE79-DA9E705F3203}.Release|x64.ActiveCfg = Release|Any CPU
		{60C244D9-1E0D-4853-AE79-DA9E705F3203}.Release|x64.Build.0 = Release|Any CPU
		{60C244D9-1E0D-4853-AE79-DA9E705F3203}.Release|x86.ActiveCfg = Release|Any CPU
		{60C244D9-1E0D-4853-AE79-DA9E705F3203}.Release|x86.Build.0 = Release|Any CPU
		{28A122FC-70D6-428A-8EF9-D91D7199827C}.Debug|Any CPU.ActiveCfg = Debug|Any CPU
		{28A122FC-70D6-428A-8EF9-D91D7199827C}.Debug|Any CPU.Build.0 = Debug|Any CPU
		{28A122FC-70D6-428A-8EF9-D91D7199827C}.Debug|x64.ActiveCfg = Debug|Any CPU
		{28A122FC-70D6-428A-8EF9-D91D7199827C}.Debug|x64.Build.0 = Debug|Any CPU
		{28A122FC-70D6-428A-8EF9-D91D7199827C}.Debug|x86.ActiveCfg = Debug|Any CPU
		{28A122FC-70D6-428A-8EF9-D91D7199827C}.Debug|x86.Build.0 = Debug|Any CPU
		{28A122FC-70D6-428A-8EF9-D91D7199827C}.Release|Any CPU.ActiveCfg = Release|Any CPU
		{28A122FC-70D6-428A-8EF9-D91D7199827C}.Release|Any CPU.Build.0 = Release|Any CPU
		{28A122FC-70D6-428A-8EF9-D91D7199827C}.Release|x64.ActiveCfg = Release|Any CPU
		{28A122FC-70D6-428A-8EF9-D91D7199827C}.Release|x64.Build.0 = Release|Any CPU
		{28A122FC-70D6-428A-8EF9-D91D7199827C}.Release|x86.ActiveCfg = Release|Any CPU
		{28A122FC-70D6-428A-8EF9-D91D7199827C}.Release|x86.Build.0 = Release|Any CPU
		{FB838588-45D5-4172-918C-9D2427B4BBA2}.Debug|Any CPU.ActiveCfg = Debug|Any CPU
		{FB838588-45D5-4172-918C-9D2427B4BBA2}.Debug|Any CPU.Build.0 = Debug|Any CPU
		{FB838588-45D5-4172-918C-9D2427B4BBA2}.Debug|x64.ActiveCfg = Debug|Any CPU
		{FB838588-45D5-4172-918C-9D2427B4BBA2}.Debug|x64.Build.0 = Debug|Any CPU
		{FB838588-45D5-4172-918C-9D2427B4BBA2}.Debug|x86.ActiveCfg = Debug|Any CPU
		{FB838588-45D5-4172-918C-9D2427B4BBA2}.Debug|x86.Build.0 = Debug|Any CPU
		{FB838588-45D5-4172-918C-9D2427B4BBA2}.Release|Any CPU.ActiveCfg = Release|Any CPU
		{FB838588-45D5-4172-918C-9D2427B4BBA2}.Release|Any CPU.Build.0 = Release|Any CPU
		{FB838588-45D5-4172-918C-9D2427B4BBA2}.Release|x64.ActiveCfg = Release|Any CPU
		{FB838588-45D5-4172-918C-9D2427B4BBA2}.Release|x64.Build.0 = Release|Any CPU
		{FB838588-45D5-4172-918C-9D2427B4BBA2}.Release|x86.ActiveCfg = Release|Any CPU
		{FB838588-45D5-4172-918C-9D2427B4BBA2}.Release|x86.Build.0 = Release|Any CPU
		{5DE18F8F-D39D-4FE7-A94C-91E89EA03C90}.Debug|Any CPU.ActiveCfg = Debug|Any CPU
		{5DE18F8F-D39D-4FE7-A94C-91E89EA03C90}.Debug|Any CPU.Build.0 = Debug|Any CPU
		{5DE18F8F-D39D-4FE7-A94C-91E89EA03C90}.Debug|x64.ActiveCfg = Debug|Any CPU
		{5DE18F8F-D39D-4FE7-A94C-91E89EA03C90}.Debug|x64.Build.0 = Debug|Any CPU
		{5DE18F8F-D39D-4FE7-A94C-91E89EA03C90}.Debug|x86.ActiveCfg = Debug|Any CPU
		{5DE18F8F-D39D-4FE7-A94C-91E89EA03C90}.Debug|x86.Build.0 = Debug|Any CPU
		{5DE18F8F-D39D-4FE7-A94C-91E89EA03C90}.Release|Any CPU.ActiveCfg = Release|Any CPU
		{5DE18F8F-D39D-4FE7-A94C-91E89EA03C90}.Release|Any CPU.Build.0 = Release|Any CPU
		{5DE18F8F-D39D-4FE7-A94C-91E89EA03C90}.Release|x64.ActiveCfg = Release|Any CPU
		{5DE18F8F-D39D-4FE7-A94C-91E89EA03C90}.Release|x64.Build.0 = Release|Any CPU
		{5DE18F8F-D39D-4FE7-A94C-91E89EA03C90}.Release|x86.ActiveCfg = Release|Any CPU
		{5DE18F8F-D39D-4FE7-A94C-91E89EA03C90}.Release|x86.Build.0 = Release|Any CPU
		{029B29F7-4620-4894-94FC-6723972E9F41}.Debug|Any CPU.ActiveCfg = Debug|Any CPU
		{029B29F7-4620-4894-94FC-6723972E9F41}.Debug|Any CPU.Build.0 = Debug|Any CPU
		{029B29F7-4620-4894-94FC-6723972E9F41}.Debug|x64.ActiveCfg = Debug|Any CPU
		{029B29F7-4620-4894-94FC-6723972E9F41}.Debug|x64.Build.0 = Debug|Any CPU
		{029B29F7-4620-4894-94FC-6723972E9F41}.Debug|x86.ActiveCfg = Debug|Any CPU
		{029B29F7-4620-4894-94FC-6723972E9F41}.Debug|x86.Build.0 = Debug|Any CPU
		{029B29F7-4620-4894-94FC-6723972E9F41}.Release|Any CPU.ActiveCfg = Release|Any CPU
		{029B29F7-4620-4894-94FC-6723972E9F41}.Release|Any CPU.Build.0 = Release|Any CPU
		{029B29F7-4620-4894-94FC-6723972E9F41}.Release|x64.ActiveCfg = Release|Any CPU
		{029B29F7-4620-4894-94FC-6723972E9F41}.Release|x64.Build.0 = Release|Any CPU
		{029B29F7-4620-4894-94FC-6723972E9F41}.Release|x86.ActiveCfg = Release|Any CPU
		{029B29F7-4620-4894-94FC-6723972E9F41}.Release|x86.Build.0 = Release|Any CPU
		{6C856CAB-20DD-47E9-827F-112C0F1B675E}.Debug|Any CPU.ActiveCfg = Debug|Any CPU
		{6C856CAB-20DD-47E9-827F-112C0F1B675E}.Debug|Any CPU.Build.0 = Debug|Any CPU
		{6C856CAB-20DD-47E9-827F-112C0F1B675E}.Debug|x64.ActiveCfg = Debug|Any CPU
		{6C856CAB-20DD-47E9-827F-112C0F1B675E}.Debug|x64.Build.0 = Debug|Any CPU
		{6C856CAB-20DD-47E9-827F-112C0F1B675E}.Debug|x86.ActiveCfg = Debug|Any CPU
		{6C856CAB-20DD-47E9-827F-112C0F1B675E}.Debug|x86.Build.0 = Debug|Any CPU
		{6C856CAB-20DD-47E9-827F-112C0F1B675E}.Release|Any CPU.ActiveCfg = Release|Any CPU
		{6C856CAB-20DD-47E9-827F-112C0F1B675E}.Release|Any CPU.Build.0 = Release|Any CPU
		{6C856CAB-20DD-47E9-827F-112C0F1B675E}.Release|x64.ActiveCfg = Release|Any CPU
		{6C856CAB-20DD-47E9-827F-112C0F1B675E}.Release|x64.Build.0 = Release|Any CPU
		{6C856CAB-20DD-47E9-827F-112C0F1B675E}.Release|x86.ActiveCfg = Release|Any CPU
		{6C856CAB-20DD-47E9-827F-112C0F1B675E}.Release|x86.Build.0 = Release|Any CPU
		{73BEE9DB-3A88-4D67-9DFB-90B3A0216350}.Debug|Any CPU.ActiveCfg = Debug|Any CPU
		{73BEE9DB-3A88-4D67-9DFB-90B3A0216350}.Debug|Any CPU.Build.0 = Debug|Any CPU
		{73BEE9DB-3A88-4D67-9DFB-90B3A0216350}.Debug|x64.ActiveCfg = Debug|Any CPU
		{73BEE9DB-3A88-4D67-9DFB-90B3A0216350}.Debug|x64.Build.0 = Debug|Any CPU
		{73BEE9DB-3A88-4D67-9DFB-90B3A0216350}.Debug|x86.ActiveCfg = Debug|Any CPU
		{73BEE9DB-3A88-4D67-9DFB-90B3A0216350}.Debug|x86.Build.0 = Debug|Any CPU
		{73BEE9DB-3A88-4D67-9DFB-90B3A0216350}.Release|Any CPU.ActiveCfg = Release|Any CPU
		{73BEE9DB-3A88-4D67-9DFB-90B3A0216350}.Release|Any CPU.Build.0 = Release|Any CPU
		{73BEE9DB-3A88-4D67-9DFB-90B3A0216350}.Release|x64.ActiveCfg = Release|Any CPU
		{73BEE9DB-3A88-4D67-9DFB-90B3A0216350}.Release|x64.Build.0 = Release|Any CPU
		{73BEE9DB-3A88-4D67-9DFB-90B3A0216350}.Release|x86.ActiveCfg = Release|Any CPU
		{73BEE9DB-3A88-4D67-9DFB-90B3A0216350}.Release|x86.Build.0 = Release|Any CPU
		{D8B862CB-B5FA-40F3-9170-D02AC2E90A34}.Debug|Any CPU.ActiveCfg = Debug|Any CPU
		{D8B862CB-B5FA-40F3-9170-D02AC2E90A34}.Debug|Any CPU.Build.0 = Debug|Any CPU
		{D8B862CB-B5FA-40F3-9170-D02AC2E90A34}.Debug|x64.ActiveCfg = Debug|Any CPU
		{D8B862CB-B5FA-40F3-9170-D02AC2E90A34}.Debug|x64.Build.0 = Debug|Any CPU
		{D8B862CB-B5FA-40F3-9170-D02AC2E90A34}.Debug|x86.ActiveCfg = Debug|Any CPU
		{D8B862CB-B5FA-40F3-9170-D02AC2E90A34}.Debug|x86.Build.0 = Debug|Any CPU
		{D8B862CB-B5FA-40F3-9170-D02AC2E90A34}.Release|Any CPU.ActiveCfg = Release|Any CPU
		{D8B862CB-B5FA-40F3-9170-D02AC2E90A34}.Release|Any CPU.Build.0 = Release|Any CPU
		{D8B862CB-B5FA-40F3-9170-D02AC2E90A34}.Release|x64.ActiveCfg = Release|Any CPU
		{D8B862CB-B5FA-40F3-9170-D02AC2E90A34}.Release|x64.Build.0 = Release|Any CPU
		{D8B862CB-B5FA-40F3-9170-D02AC2E90A34}.Release|x86.ActiveCfg = Release|Any CPU
		{D8B862CB-B5FA-40F3-9170-D02AC2E90A34}.Release|x86.Build.0 = Release|Any CPU
		{7594DA8D-EBB9-40C7-B3FC-D2E3ED03681B}.Debug|Any CPU.ActiveCfg = Debug|Any CPU
		{7594DA8D-EBB9-40C7-B3FC-D2E3ED03681B}.Debug|Any CPU.Build.0 = Debug|Any CPU
		{7594DA8D-EBB9-40C7-B3FC-D2E3ED03681B}.Debug|x64.ActiveCfg = Debug|Any CPU
		{7594DA8D-EBB9-40C7-B3FC-D2E3ED03681B}.Debug|x64.Build.0 = Debug|Any CPU
		{7594DA8D-EBB9-40C7-B3FC-D2E3ED03681B}.Debug|x86.ActiveCfg = Debug|Any CPU
		{7594DA8D-EBB9-40C7-B3FC-D2E3ED03681B}.Debug|x86.Build.0 = Debug|Any CPU
		{7594DA8D-EBB9-40C7-B3FC-D2E3ED03681B}.Release|Any CPU.ActiveCfg = Release|Any CPU
		{7594DA8D-EBB9-40C7-B3FC-D2E3ED03681B}.Release|Any CPU.Build.0 = Release|Any CPU
		{7594DA8D-EBB9-40C7-B3FC-D2E3ED03681B}.Release|x64.ActiveCfg = Release|Any CPU
		{7594DA8D-EBB9-40C7-B3FC-D2E3ED03681B}.Release|x64.Build.0 = Release|Any CPU
		{7594DA8D-EBB9-40C7-B3FC-D2E3ED03681B}.Release|x86.ActiveCfg = Release|Any CPU
		{7594DA8D-EBB9-40C7-B3FC-D2E3ED03681B}.Release|x86.Build.0 = Release|Any CPU
		{59DAE2F0-CF79-477D-B5C9-71C5D713D973}.Debug|Any CPU.ActiveCfg = Debug|Any CPU
		{59DAE2F0-CF79-477D-B5C9-71C5D713D973}.Debug|Any CPU.Build.0 = Debug|Any CPU
		{59DAE2F0-CF79-477D-B5C9-71C5D713D973}.Debug|x64.ActiveCfg = Debug|Any CPU
		{59DAE2F0-CF79-477D-B5C9-71C5D713D973}.Debug|x64.Build.0 = Debug|Any CPU
		{59DAE2F0-CF79-477D-B5C9-71C5D713D973}.Debug|x86.ActiveCfg = Debug|Any CPU
		{59DAE2F0-CF79-477D-B5C9-71C5D713D973}.Debug|x86.Build.0 = Debug|Any CPU
		{59DAE2F0-CF79-477D-B5C9-71C5D713D973}.Release|Any CPU.ActiveCfg = Release|Any CPU
		{59DAE2F0-CF79-477D-B5C9-71C5D713D973}.Release|Any CPU.Build.0 = Release|Any CPU
		{59DAE2F0-CF79-477D-B5C9-71C5D713D973}.Release|x64.ActiveCfg = Release|Any CPU
		{59DAE2F0-CF79-477D-B5C9-71C5D713D973}.Release|x64.Build.0 = Release|Any CPU
		{59DAE2F0-CF79-477D-B5C9-71C5D713D973}.Release|x86.ActiveCfg = Release|Any CPU
		{59DAE2F0-CF79-477D-B5C9-71C5D713D973}.Release|x86.Build.0 = Release|Any CPU
		{8B792490-A63F-4FC7-8B08-F022F83FEE18}.Debug|Any CPU.ActiveCfg = Debug|Any CPU
		{8B792490-A63F-4FC7-8B08-F022F83FEE18}.Debug|Any CPU.Build.0 = Debug|Any CPU
		{8B792490-A63F-4FC7-8B08-F022F83FEE18}.Debug|x64.ActiveCfg = Debug|Any CPU
		{8B792490-A63F-4FC7-8B08-F022F83FEE18}.Debug|x64.Build.0 = Debug|Any CPU
		{8B792490-A63F-4FC7-8B08-F022F83FEE18}.Debug|x86.ActiveCfg = Debug|Any CPU
		{8B792490-A63F-4FC7-8B08-F022F83FEE18}.Debug|x86.Build.0 = Debug|Any CPU
		{8B792490-A63F-4FC7-8B08-F022F83FEE18}.Release|Any CPU.ActiveCfg = Release|Any CPU
		{8B792490-A63F-4FC7-8B08-F022F83FEE18}.Release|Any CPU.Build.0 = Release|Any CPU
		{8B792490-A63F-4FC7-8B08-F022F83FEE18}.Release|x64.ActiveCfg = Release|Any CPU
		{8B792490-A63F-4FC7-8B08-F022F83FEE18}.Release|x64.Build.0 = Release|Any CPU
		{8B792490-A63F-4FC7-8B08-F022F83FEE18}.Release|x86.ActiveCfg = Release|Any CPU
		{8B792490-A63F-4FC7-8B08-F022F83FEE18}.Release|x86.Build.0 = Release|Any CPU
		{2F098D28-DBFF-4EE8-9E91-7EBF67384785}.Debug|Any CPU.ActiveCfg = Debug|Any CPU
		{2F098D28-DBFF-4EE8-9E91-7EBF67384785}.Debug|Any CPU.Build.0 = Debug|Any CPU
		{2F098D28-DBFF-4EE8-9E91-7EBF67384785}.Debug|x64.ActiveCfg = Debug|Any CPU
		{2F098D28-DBFF-4EE8-9E91-7EBF67384785}.Debug|x64.Build.0 = Debug|Any CPU
		{2F098D28-DBFF-4EE8-9E91-7EBF67384785}.Debug|x86.ActiveCfg = Debug|Any CPU
		{2F098D28-DBFF-4EE8-9E91-7EBF67384785}.Debug|x86.Build.0 = Debug|Any CPU
		{2F098D28-DBFF-4EE8-9E91-7EBF67384785}.Release|Any CPU.ActiveCfg = Release|Any CPU
		{2F098D28-DBFF-4EE8-9E91-7EBF67384785}.Release|Any CPU.Build.0 = Release|Any CPU
		{2F098D28-DBFF-4EE8-9E91-7EBF67384785}.Release|x64.ActiveCfg = Release|Any CPU
		{2F098D28-DBFF-4EE8-9E91-7EBF67384785}.Release|x64.Build.0 = Release|Any CPU
		{2F098D28-DBFF-4EE8-9E91-7EBF67384785}.Release|x86.ActiveCfg = Release|Any CPU
		{2F098D28-DBFF-4EE8-9E91-7EBF67384785}.Release|x86.Build.0 = Release|Any CPU
		{1C09DC8F-F854-43CB-AB1E-F826C82D4756}.Debug|Any CPU.ActiveCfg = Debug|Any CPU
		{1C09DC8F-F854-43CB-AB1E-F826C82D4756}.Debug|Any CPU.Build.0 = Debug|Any CPU
		{1C09DC8F-F854-43CB-AB1E-F826C82D4756}.Debug|x64.ActiveCfg = Debug|Any CPU
		{1C09DC8F-F854-43CB-AB1E-F826C82D4756}.Debug|x64.Build.0 = Debug|Any CPU
		{1C09DC8F-F854-43CB-AB1E-F826C82D4756}.Debug|x86.ActiveCfg = Debug|Any CPU
		{1C09DC8F-F854-43CB-AB1E-F826C82D4756}.Debug|x86.Build.0 = Debug|Any CPU
		{1C09DC8F-F854-43CB-AB1E-F826C82D4756}.Release|Any CPU.ActiveCfg = Release|Any CPU
		{1C09DC8F-F854-43CB-AB1E-F826C82D4756}.Release|Any CPU.Build.0 = Release|Any CPU
		{1C09DC8F-F854-43CB-AB1E-F826C82D4756}.Release|x64.ActiveCfg = Release|Any CPU
		{1C09DC8F-F854-43CB-AB1E-F826C82D4756}.Release|x64.Build.0 = Release|Any CPU
		{1C09DC8F-F854-43CB-AB1E-F826C82D4756}.Release|x86.ActiveCfg = Release|Any CPU
		{1C09DC8F-F854-43CB-AB1E-F826C82D4756}.Release|x86.Build.0 = Release|Any CPU
	EndGlobalSection
	GlobalSection(SolutionProperties) = preSolution
		HideSolutionNode = FALSE
	EndGlobalSection
EndGlobal
